{
  "name": "@chego/chego-tools",
  "version": "1.0.8",
  "lockfileVersion": 1,
  "requires": true,
  "dependencies": {
    "@chego/chego-api": {
      "version": "1.1.4",
      "resolved": "https://registry.npmjs.org/@chego/chego-api/-/chego-api-1.1.4.tgz",
      "integrity": "sha512-XHkpjE3uhi3jkB9VOU9wta1vk9mUyqhfptd3YBC99006Nw+Sf2ZVgDfcGv/OiXKQD8ACOnMjv5v3Rl5TD4Ps4A=="
    }
  }
}
