{
  "name": "@chego/chego-tools",
  "version": "1.0.6",
  "lockfileVersion": 1,
  "requires": true,
  "dependencies": {
    "@chego/chego-api": {
      "version": "1.1.1",
      "resolved": "https://registry.npmjs.org/@chego/chego-api/-/chego-api-1.1.1.tgz",
      "integrity": "sha512-kypOHCNvk7EjWMRNx2ZpRdPnMViwPR7NZk5FWRVGX/B96Ys6vnnSU0NP3CTPX1J32tKy2YnGnM9WEM/lA4WYeg=="
    }
  }
}
