{
  "name": "@chego/chego-tools",
  "version": "1.0.6",
  "lockfileVersion": 1,
  "requires": true,
  "dependencies": {
    "@chego/chego-api": {
      "version": "1.1.0",
      "resolved": "https://registry.npmjs.org/@chego/chego-api/-/chego-api-1.1.0.tgz",
      "integrity": "sha512-i9PXnw154xy6kbZ+iai2aUdGaeGJh2FFRV5M83qj3MGS3XvRL4QMG1U3fUTbC8PT2Fn/1cq5ZLzueZqQ8De21Q=="
    }
  }
}
